
Microsoft Visual Studio Solution File, Format Version 12.00
# Visual Studio 15
Project("{FAE04EC0-301F-11D3-BF4B-00C04F79EFBC}") = "Assembly-CSharp", "Assembly-CSharp.csproj", "{787A9B66-77A9-1FF5-7230-8DB4088018C6}"
EndProject
Project("{FAE04EC0-301F-11D3-BF4B-00C04F79EFBC}") = "Assembly-CSharp-Editor", "Assembly-CSharp-Editor.csproj", "{61238AF5-63E5-0A8C-F877-D310386306D6}"
EndProject
Global
	GlobalSection(SolutionConfigurationPlatforms) = preSolution
		Debug|Any CPU = Debug|Any CPU
		Release|Any CPU = Release|Any CPU
	EndGlobalSection
	GlobalSection(ProjectConfigurationPlatforms) = postSolution
		{787A9B66-77A9-1FF5-7230-8DB4088018C6}.Debug|Any CPU.ActiveCfg = Debug|Any CPU
		{787A9B66-77A9-1FF5-7230-8DB4088018C6}.Debug|Any CPU.Build.0 = Debug|Any CPU
		{787A9B66-77A9-1FF5-7230-8DB4088018C6}.Release|Any CPU.ActiveCfg = Release|Any CPU
		{787A9B66-77A9-1FF5-7230-8DB4088018C6}.Release|Any CPU.Build.0 = Release|Any CPU
		{61238AF5-63E5-0A8C-F877-D310386306D6}.Debug|Any CPU.ActiveCfg = Debug|Any CPU
		{61238AF5-63E5-0A8C-F877-D310386306D6}.Debug|Any CPU.Build.0 = Debug|Any CPU
		{61238AF5-63E5-0A8C-F877-D310386306D6}.Release|Any CPU.ActiveCfg = Release|Any CPU
		{61238AF5-63E5-0A8C-F877-D310386306D6}.Release|Any CPU.Build.0 = Release|Any CPU
	EndGlobalSection
	GlobalSection(SolutionProperties) = preSolution
		HideSolutionNode = FALSE
	EndGlobalSection
EndGlobal
